
Microsoft Visual Studio Solution File, Format Version 12.00
# Visual Studio Version 17
VisualStudioVersion = 17.11.35219.272
MinimumVisualStudioVersion = 10.0.40219.1
Project("{9A19103F-16F7-4668-BE54-9A1E7A4F7556}") = "DemoLibrary", "DemoLibrary\DemoLibrary.csproj", "{77B99211-87B8-43E5-81D1-DABC1133E7F5}"
EndProject
Project("{9A19103F-16F7-4668-BE54-9A1E7A4F7556}") = "WinFormUI", "WinFormUI\WinFormUI.csproj", "{D982F2E4-71C7-49AA-AE25-746ECE26CC78}"
EndProject
Project("{FAE04EC0-301F-11D3-BF4B-00C04F79EFBC}") = "DemoLibrary.Tests", "DemoLibrary.Tests\DemoLibrary.Tests.csproj", "{FEA251A7-D652-4220-9DA7-CE65F6311CC2}"
EndProject
Global
	GlobalSection(SolutionConfigurationPlatforms) = preSolution
		Debug|Any CPU = Debug|Any CPU
		Release|Any CPU = Release|Any CPU
	EndGlobalSection
	GlobalSection(ProjectConfigurationPlatforms) = postSolution
		{77B99211-87B8-43E5-81D1-DABC1133E7F5}.Debug|Any CPU.ActiveCfg = Debug|Any CPU
		{77B99211-87B8-43E5-81D1-DABC1133E7F5}.Debug|Any CPU.Build.0 = Debug|Any CPU
		{77B99211-87B8-43E5-81D1-DABC1133E7F5}.Release|Any CPU.ActiveCfg = Release|Any CPU
		{77B99211-87B8-43E5-81D1-DABC1133E7F5}.Release|Any CPU.Build.0 = Release|Any CPU
		{D982F2E4-71C7-49AA-AE25-746ECE26CC78}.Debug|Any CPU.ActiveCfg = Debug|Any CPU
		{D982F2E4-71C7-49AA-AE25-746ECE26CC78}.Debug|Any CPU.Build.0 = Debug|Any CPU
		{D982F2E4-71C7-49AA-AE25-746ECE26CC78}.Release|Any CPU.ActiveCfg = Release|Any CPU
		{D982F2E4-71C7-49AA-AE25-746ECE26CC78}.Release|Any CPU.Build.0 = Release|Any CPU
		{FEA251A7-D652-4220-9DA7-CE65F6311CC2}.Debug|Any CPU.ActiveCfg = Debug|Any CPU
		{FEA251A7-D652-4220-9DA7-CE65F6311CC2}.Debug|Any CPU.Build.0 = Debug|Any CPU
		{FEA251A7-D652-4220-9DA7-CE65F6311CC2}.Release|Any CPU.ActiveCfg = Release|Any CPU
		{FEA251A7-D652-4220-9DA7-CE65F6311CC2}.Release|Any CPU.Build.0 = Release|Any CPU
	EndGlobalSection
	GlobalSection(SolutionProperties) = preSolution
		HideSolutionNode = FALSE
	EndGlobalSection
	GlobalSection(ExtensibilityGlobals) = postSolution
		SolutionGuid = {D62412A5-7880-4BC0-95D6-AD1B47F46C95}
	EndGlobalSection
EndGlobal
